
Microsoft Visual Studio Solution File, Format Version 12.00
# Visual Studio Version 16
VisualStudioVersion = 16.0.30011.22
MinimumVisualStudioVersion = 10.0.40219.1
Project("{FAE04EC0-301F-11D3-BF4B-00C04F79EFBC}") = "Ejercicios HTML", "Ejercicios HTML\Ejercicios HTML.csproj", "{200A2C9D-577F-470C-A25E-7AD4236EA77A}"
EndProject
Global
	GlobalSection(SolutionConfigurationPlatforms) = preSolution
		Debug|Any CPU = Debug|Any CPU
		Release|Any CPU = Release|Any CPU
	EndGlobalSection
	GlobalSection(ProjectConfigurationPlatforms) = postSolution
		{200A2C9D-577F-470C-A25E-7AD4236EA77A}.Debug|Any CPU.ActiveCfg = Debug|Any CPU
		{200A2C9D-577F-470C-A25E-7AD4236EA77A}.Debug|Any CPU.Build.0 = Debug|Any CPU
		{200A2C9D-577F-470C-A25E-7AD4236EA77A}.Release|Any CPU.ActiveCfg = Release|Any CPU
		{200A2C9D-577F-470C-A25E-7AD4236EA77A}.Release|Any CPU.Build.0 = Release|Any CPU
	EndGlobalSection
	GlobalSection(SolutionProperties) = preSolution
		HideSolutionNode = FALSE
	EndGlobalSection
	GlobalSection(ExtensibilityGlobals) = postSolution
		SolutionGuid = {C7E44921-455B-43EA-BF20-4CAAEB65FB6B}
	EndGlobalSection
EndGlobal
